
Microsoft Visual Studio Solution File, Format Version 12.00
# Visual Studio Version 17
VisualStudioVersion = 17.14.36518.9 d17.14
MinimumVisualStudioVersion = 10.0.40219.1
Project("{FAE04EC0-301F-11D3-BF4B-00C04F79EFBC}") = "Farmacia_sistema", "Farmacia_sistema\Farmacia_sistema.csproj", "{18CE65C3-B69D-486B-B0A0-5925B46CAA97}"
EndProject
Global
	GlobalSection(SolutionConfigurationPlatforms) = preSolution
		Debug|Any CPU = Debug|Any CPU
		Release|Any CPU = Release|Any CPU
	EndGlobalSection
	GlobalSection(ProjectConfigurationPlatforms) = postSolution
		{18CE65C3-B69D-486B-B0A0-5925B46CAA97}.Debug|Any CPU.ActiveCfg = Debug|Any CPU
		{18CE65C3-B69D-486B-B0A0-5925B46CAA97}.Debug|Any CPU.Build.0 = Debug|Any CPU
		{18CE65C3-B69D-486B-B0A0-5925B46CAA97}.Release|Any CPU.ActiveCfg = Release|Any CPU
		{18CE65C3-B69D-486B-B0A0-5925B46CAA97}.Release|Any CPU.Build.0 = Release|Any CPU
	EndGlobalSection
	GlobalSection(SolutionProperties) = preSolution
		HideSolutionNode = FALSE
	EndGlobalSection
	GlobalSection(ExtensibilityGlobals) = postSolution
		SolutionGuid = {3FCFE55E-F235-4B09-A8BF-F746CB4FEF91}
	EndGlobalSection
EndGlobal
